# This file is automatically @generated by Wally.
# It is not intended for manual editing.
registry = "test"

[[package]]
name = "krissh-wtf/guess-my-brainrot"
version = "0.1.0"
dependencies = [["iris", "sirmallard/iris@2.5.0"]]

[[package]]
name = "sirmallard/iris"
version = "2.5.0"
dependencies = []
